
Microsoft Visual Studio Solution File, Format Version 12.00
# Visual Studio Version 17
VisualStudioVersion = 17.14.36212.18 d17.14
MinimumVisualStudioVersion = 10.0.40219.1
Project("{FAE04EC0-301F-11D3-BF4B-00C04F79EFBC}") = "practica18NuevaCreacion", "practica18NuevaCreacion\practica18NuevaCreacion.csproj", "{B0588A50-A71D-4749-9A0B-C480FE1EF9E5}"
EndProject
Global
	GlobalSection(SolutionConfigurationPlatforms) = preSolution
		Debug|Any CPU = Debug|Any CPU
		Release|Any CPU = Release|Any CPU
	EndGlobalSection
	GlobalSection(ProjectConfigurationPlatforms) = postSolution
		{B0588A50-A71D-4749-9A0B-C480FE1EF9E5}.Debug|Any CPU.ActiveCfg = Debug|Any CPU
		{B0588A50-A71D-4749-9A0B-C480FE1EF9E5}.Debug|Any CPU.Build.0 = Debug|Any CPU
		{B0588A50-A71D-4749-9A0B-C480FE1EF9E5}.Release|Any CPU.ActiveCfg = Release|Any CPU
		{B0588A50-A71D-4749-9A0B-C480FE1EF9E5}.Release|Any CPU.Build.0 = Release|Any CPU
	EndGlobalSection
	GlobalSection(SolutionProperties) = preSolution
		HideSolutionNode = FALSE
	EndGlobalSection
	GlobalSection(ExtensibilityGlobals) = postSolution
		SolutionGuid = {19E99B1A-5C80-4553-B487-21D73F041A20}
	EndGlobalSection
EndGlobal
