
Microsoft Visual Studio Solution File, Format Version 12.00
# Visual Studio Version 17
VisualStudioVersion = 17.11.35222.181
MinimumVisualStudioVersion = 10.0.40219.1
Project("{FAE04EC0-301F-11D3-BF4B-00C04F79EFBC}") = "practica22PersonaSueldo", "practica22PersonaSueldo\practica22PersonaSueldo.csproj", "{99AF870B-B2BC-4CCE-BBE7-AF00053EA4DE}"
EndProject
Global
	GlobalSection(SolutionConfigurationPlatforms) = preSolution
		Debug|Any CPU = Debug|Any CPU
		Release|Any CPU = Release|Any CPU
	EndGlobalSection
	GlobalSection(ProjectConfigurationPlatforms) = postSolution
		{99AF870B-B2BC-4CCE-BBE7-AF00053EA4DE}.Debug|Any CPU.ActiveCfg = Debug|Any CPU
		{99AF870B-B2BC-4CCE-BBE7-AF00053EA4DE}.Debug|Any CPU.Build.0 = Debug|Any CPU
		{99AF870B-B2BC-4CCE-BBE7-AF00053EA4DE}.Release|Any CPU.ActiveCfg = Release|Any CPU
		{99AF870B-B2BC-4CCE-BBE7-AF00053EA4DE}.Release|Any CPU.Build.0 = Release|Any CPU
	EndGlobalSection
	GlobalSection(SolutionProperties) = preSolution
		HideSolutionNode = FALSE
	EndGlobalSection
	GlobalSection(ExtensibilityGlobals) = postSolution
		SolutionGuid = {DA8A1300-0B58-41E4-B938-8419D1D885C4}
	EndGlobalSection
EndGlobal
