
Microsoft Visual Studio Solution File, Format Version 12.00
# Visual Studio Version 17
VisualStudioVersion = 17.11.35222.181
MinimumVisualStudioVersion = 10.0.40219.1
Project("{FAE04EC0-301F-11D3-BF4B-00C04F79EFBC}") = "practica13Objetos2", "practica13Objetos2\practica13Objetos2.csproj", "{9B92763B-A770-42BB-825D-0B240C8989CF}"
EndProject
Global
	GlobalSection(SolutionConfigurationPlatforms) = preSolution
		Debug|Any CPU = Debug|Any CPU
		Release|Any CPU = Release|Any CPU
	EndGlobalSection
	GlobalSection(ProjectConfigurationPlatforms) = postSolution
		{9B92763B-A770-42BB-825D-0B240C8989CF}.Debug|Any CPU.ActiveCfg = Debug|Any CPU
		{9B92763B-A770-42BB-825D-0B240C8989CF}.Debug|Any CPU.Build.0 = Debug|Any CPU
		{9B92763B-A770-42BB-825D-0B240C8989CF}.Release|Any CPU.ActiveCfg = Release|Any CPU
		{9B92763B-A770-42BB-825D-0B240C8989CF}.Release|Any CPU.Build.0 = Release|Any CPU
	EndGlobalSection
	GlobalSection(SolutionProperties) = preSolution
		HideSolutionNode = FALSE
	EndGlobalSection
	GlobalSection(ExtensibilityGlobals) = postSolution
		SolutionGuid = {F5106DBB-25B6-46F7-80CB-877F3621F929}
	EndGlobalSection
EndGlobal
