
Microsoft Visual Studio Solution File, Format Version 12.00
# Visual Studio Version 17
VisualStudioVersion = 17.11.35222.181
MinimumVisualStudioVersion = 10.0.40219.1
Project("{FAE04EC0-301F-11D3-BF4B-00C04F79EFBC}") = "practica3Func", "practica3Func\practica3Func.csproj", "{C3F47D18-4EC6-4119-B0BB-73A254E712E6}"
EndProject
Global
	GlobalSection(SolutionConfigurationPlatforms) = preSolution
		Debug|Any CPU = Debug|Any CPU
		Release|Any CPU = Release|Any CPU
	EndGlobalSection
	GlobalSection(ProjectConfigurationPlatforms) = postSolution
		{C3F47D18-4EC6-4119-B0BB-73A254E712E6}.Debug|Any CPU.ActiveCfg = Debug|Any CPU
		{C3F47D18-4EC6-4119-B0BB-73A254E712E6}.Debug|Any CPU.Build.0 = Debug|Any CPU
		{C3F47D18-4EC6-4119-B0BB-73A254E712E6}.Release|Any CPU.ActiveCfg = Release|Any CPU
		{C3F47D18-4EC6-4119-B0BB-73A254E712E6}.Release|Any CPU.Build.0 = Release|Any CPU
	EndGlobalSection
	GlobalSection(SolutionProperties) = preSolution
		HideSolutionNode = FALSE
	EndGlobalSection
	GlobalSection(ExtensibilityGlobals) = postSolution
		SolutionGuid = {3F62E301-630E-4F95-8132-E3A30DFA14C9}
	EndGlobalSection
EndGlobal
