
Microsoft Visual Studio Solution File, Format Version 12.00
# Visual Studio Version 17
VisualStudioVersion = 17.14.36212.18 d17.14
MinimumVisualStudioVersion = 10.0.40219.1
Project("{FAE04EC0-301F-11D3-BF4B-00C04F79EFBC}") = "practica23Dependencia3", "practica23Dependencia3\practica23Dependencia3.csproj", "{AB8E2ED5-5F38-4A12-9AF7-0006B0D009C3}"
EndProject
Global
	GlobalSection(SolutionConfigurationPlatforms) = preSolution
		Debug|Any CPU = Debug|Any CPU
		Release|Any CPU = Release|Any CPU
	EndGlobalSection
	GlobalSection(ProjectConfigurationPlatforms) = postSolution
		{AB8E2ED5-5F38-4A12-9AF7-0006B0D009C3}.Debug|Any CPU.ActiveCfg = Debug|Any CPU
		{AB8E2ED5-5F38-4A12-9AF7-0006B0D009C3}.Debug|Any CPU.Build.0 = Debug|Any CPU
		{AB8E2ED5-5F38-4A12-9AF7-0006B0D009C3}.Release|Any CPU.ActiveCfg = Release|Any CPU
		{AB8E2ED5-5F38-4A12-9AF7-0006B0D009C3}.Release|Any CPU.Build.0 = Release|Any CPU
	EndGlobalSection
	GlobalSection(SolutionProperties) = preSolution
		HideSolutionNode = FALSE
	EndGlobalSection
	GlobalSection(ExtensibilityGlobals) = postSolution
		SolutionGuid = {00D8A799-271F-423F-B546-0D3AA5A63972}
	EndGlobalSection
EndGlobal
